{
  "name": "constraints-dsl-compiler",
  "version": "1.0.0",
  "lockfileVersion": 3,
  "requires": true,
  "packages": {
    "": {
      "name": "constraints-dsl-compiler",
      "version": "1.0.0",
      "dependencies": {
        "@js-temporal/polyfill": "^0.4.4",
        "@nasa-jpl/aerie-ts-user-code-runner": "0.5.0",
        "aerie-timeline": "file:../../timeline",
        "prettier": "^2.6.2",
        "source-map": "^0.7.3",
        "typescript": "^4.5.5"
      },
      "devDependencies": {
        "@tsconfig/recommended": "^1.0.2",
        "@types/node": "^17.0.21",
        "prettier": "^2.6.2",
        "typedoc": "^0.23.10"
      }
    },
    "../../timeline": {
      "name": "aerie-timeline",
      "version": "1.0.0",
      "dependencies": {
        "@js-temporal/polyfill": "^0.4.4"
      },
      "devDependencies": {
        "@tsconfig/recommended": "^1.0.2",
        "@types/jest": "^29.5.4",
        "@types/node": "^17.0.21",
        "dpdm": "^3.13.1",
        "jest": "^29.6.4",
        "prettier": "^3.0.3",
        "ts-jest": "^29.1.1",
        "typedoc": "^0.25.1",
        "typescript": "^5.2.2"
      }
    },
    "node_modules/@js-temporal/polyfill": {
      "version": "0.4.4",
      "resolved": "https://artifactory.jpl.nasa.gov:443/artifactory/api/npm/npm-develop-virtual/@js-temporal/polyfill/-/polyfill-0.4.4.tgz",
      "integrity": "sha512-2X6bvghJ/JAoZO52lbgyAPFj8uCflhTo2g7nkFzEQdXd/D8rEeD4HtmTEpmtGCva260fcd66YNXBOYdnmHqSOg==",
      "dependencies": {
        "jsbi": "^4.3.0",
        "tslib": "^2.4.1"
      },
      "engines": {
        "node": ">=12"
      }
    },
    "node_modules/@nasa-jpl/aerie-ts-user-code-runner": {
      "version": "0.5.0",
      "resolved": "https://artifactory.jpl.nasa.gov:443/artifactory/api/npm/npm-develop-virtual/@nasa-jpl/aerie-ts-user-code-runner/-/aerie-ts-user-code-runner-0.5.0.tgz",
      "integrity": "sha512-w029/vHut7A2HAiKHM6vQj+y/0eoW8yG5f/iUZKE+0bQvfiNOgQTtM/yqdgZ4s8gr5x1pQHpVjoB6n+MAb/TPw==",
      "dependencies": {
        "source-map": "^0.7.4",
        "stack-trace": "^1.0.0-pre1"
      },
      "peerDependencies": {
        "typescript": "4.x"
      }
    },
    "node_modules/@tsconfig/recommended": {
      "version": "1.0.2",
      "resolved": "https://artifactory.jpl.nasa.gov:443/artifactory/api/npm/npm-develop-virtual/@tsconfig/recommended/-/recommended-1.0.2.tgz",
      "integrity": "sha512-dbHBtbWBOjq0/otpopAE02NT2Cm05Qe2JsEKeCf/wjSYbI2hz8nCqnpnOJWHATgjDz4fd3dchs3Wy1gQGjfN6w==",
      "dev": true
    },
    "node_modules/@types/node": {
      "version": "17.0.45",
      "resolved": "https://artifactory.jpl.nasa.gov:443/artifactory/api/npm/npm-develop-virtual/@types/node/-/node-17.0.45.tgz",
      "integrity": "sha512-w+tIMs3rq2afQdsPJlODhoUEKzFP1ayaoyl1CcnwtIlsVe7K7bA1NGm4s3PraqTLlXnbIN84zuBlxBWo1u9BLw==",
      "dev": true
    },
    "node_modules/aerie-timeline": {
      "resolved": "../../timeline",
      "link": true
    },
    "node_modules/ansi-sequence-parser": {
      "version": "1.1.1",
      "resolved": "https://artifactory.jpl.nasa.gov:443/artifactory/api/npm/npm-develop-virtual/ansi-sequence-parser/-/ansi-sequence-parser-1.1.1.tgz",
      "integrity": "sha512-vJXt3yiaUL4UU546s3rPXlsry/RnM730G1+HkpKE012AN0sx1eOrxSu95oKDIonskeLTijMgqWZ3uDEe3NFvyg==",
      "dev": true
    },
    "node_modules/balanced-match": {
      "version": "1.0.2",
      "resolved": "https://artifactory.jpl.nasa.gov:443/artifactory/api/npm/npm-develop-virtual/balanced-match/-/balanced-match-1.0.2.tgz",
      "integrity": "sha512-3oSeUO0TMV67hN1AmbXsK4yaqU7tjiHlbxRDZOpH0KW9+CeX4bRAaX0Anxt0tx2MrpRpWwQaPwIlISEJhYU5Pw==",
      "dev": true
    },
    "node_modules/brace-expansion": {
      "version": "2.0.1",
      "resolved": "https://artifactory.jpl.nasa.gov:443/artifactory/api/npm/npm-develop-virtual/brace-expansion/-/brace-expansion-2.0.1.tgz",
      "integrity": "sha512-XnAIvQ8eM+kC6aULx6wuQiwVsnzsi9d3WxzV3FpWTGA19F621kwdbsAcFKXgKUHZWsy+mY6iL1sHTxWEFCytDA==",
      "dev": true,
      "dependencies": {
        "balanced-match": "^1.0.0"
      }
    },
    "node_modules/jsbi": {
      "version": "4.3.0",
      "resolved": "https://artifactory.jpl.nasa.gov:443/artifactory/api/npm/npm-develop-virtual/jsbi/-/jsbi-4.3.0.tgz",
      "integrity": "sha512-SnZNcinB4RIcnEyZqFPdGPVgrg2AcnykiBy0sHVJQKHYeaLUvi3Exj+iaPpLnFVkDPZIV4U0yvgC9/R4uEAZ9g=="
    },
    "node_modules/jsonc-parser": {
      "version": "3.2.0",
      "resolved": "https://artifactory.jpl.nasa.gov:443/artifactory/api/npm/npm-develop-virtual/jsonc-parser/-/jsonc-parser-3.2.0.tgz",
      "integrity": "sha512-gfFQZrcTc8CnKXp6Y4/CBT3fTc0OVuDofpre4aEeEpSBPV5X5v4+Vmx+8snU7RLPrNHPKSgLxGo9YuQzz20o+w==",
      "dev": true
    },
    "node_modules/lunr": {
      "version": "2.3.9",
      "resolved": "https://artifactory.jpl.nasa.gov:443/artifactory/api/npm/npm-develop-virtual/lunr/-/lunr-2.3.9.tgz",
      "integrity": "sha512-zTU3DaZaF3Rt9rhN3uBMGQD3dD2/vFQqnvZCDv4dl5iOzq2IZQqTxu90r4E5J+nP70J3ilqVCrbho2eWaeW8Ow==",
      "dev": true
    },
    "node_modules/marked": {
      "version": "4.3.0",
      "resolved": "https://artifactory.jpl.nasa.gov:443/artifactory/api/npm/npm-develop-virtual/marked/-/marked-4.3.0.tgz",
      "integrity": "sha512-PRsaiG84bK+AMvxziE/lCFss8juXjNaWzVbN5tXAm4XjeaS9NAHhop+PjQxz2A9h8Q4M/xGmzP8vqNwy6JeK0A==",
      "dev": true,
      "bin": {
        "marked": "bin/marked.js"
      },
      "engines": {
        "node": ">= 12"
      }
    },
    "node_modules/minimatch": {
      "version": "7.4.6",
      "resolved": "https://artifactory.jpl.nasa.gov:443/artifactory/api/npm/npm-develop-virtual/minimatch/-/minimatch-7.4.6.tgz",
      "integrity": "sha512-sBz8G/YjVniEz6lKPNpKxXwazJe4c19fEfV2GDMX6AjFz+MX9uDWIZW8XreVhkFW3fkIdTv/gxWr/Kks5FFAVw==",
      "dev": true,
      "dependencies": {
        "brace-expansion": "^2.0.1"
      },
      "engines": {
        "node": ">=10"
      }
    },
    "node_modules/prettier": {
      "version": "2.8.8",
      "resolved": "https://artifactory.jpl.nasa.gov:443/artifactory/api/npm/npm-develop-virtual/prettier/-/prettier-2.8.8.tgz",
      "integrity": "sha512-tdN8qQGvNjw4CHbY+XXk0JgCXn9QiF21a55rBe5LJAU+kDyC4WQn4+awm2Xfk2lQMk5fKup9XgzTZtGkjBdP9Q==",
      "dev": true,
      "bin": {
        "prettier": "bin-prettier.js"
      },
      "engines": {
        "node": ">=10.13.0"
      }
    },
    "node_modules/shiki": {
      "version": "0.14.4",
      "resolved": "https://artifactory.jpl.nasa.gov:443/artifactory/api/npm/npm-develop-virtual/shiki/-/shiki-0.14.4.tgz",
      "integrity": "sha512-IXCRip2IQzKwxArNNq1S+On4KPML3Yyn8Zzs/xRgcgOWIr8ntIK3IKzjFPfjy/7kt9ZMjc+FItfqHRBg8b6tNQ==",
      "dev": true,
      "dependencies": {
        "ansi-sequence-parser": "^1.1.0",
        "jsonc-parser": "^3.2.0",
        "vscode-oniguruma": "^1.7.0",
        "vscode-textmate": "^8.0.0"
      }
    },
    "node_modules/source-map": {
      "version": "0.7.4",
      "resolved": "https://artifactory.jpl.nasa.gov:443/artifactory/api/npm/npm-develop-virtual/source-map/-/source-map-0.7.4.tgz",
      "integrity": "sha512-l3BikUxvPOcn5E74dZiq5BGsTb5yEwhaTSzccU6t4sDOH8NWJCstKO5QT2CvtFoK6F0saL7p9xHAqHOlCPJygA==",
      "engines": {
        "node": ">= 8"
      }
    },
    "node_modules/stack-trace": {
      "version": "1.0.0-pre2",
      "resolved": "https://artifactory.jpl.nasa.gov:443/artifactory/api/npm/npm-develop-virtual/stack-trace/-/stack-trace-1.0.0-pre2.tgz",
      "integrity": "sha512-2ztBJRek8IVofG9DBJqdy2N5kulaacX30Nz7xmkYF6ale9WBVmIy6mFBchvGX7Vx/MyjBhx+Rcxqrj+dbOnQ6A==",
      "engines": {
        "node": ">=16"
      }
    },
    "node_modules/tslib": {
      "version": "2.6.2",
      "resolved": "https://artifactory.jpl.nasa.gov:443/artifactory/api/npm/npm-develop-virtual/tslib/-/tslib-2.6.2.tgz",
      "integrity": "sha512-AEYxH93jGFPn/a2iVAwW87VuUIkR1FVUKB77NwMF7nBTDkDrrT/Hpt/IrCJ0QXhW27jTBDcf5ZY7w6RiqTMw2Q=="
    },
    "node_modules/typedoc": {
      "version": "0.23.28",
      "resolved": "https://artifactory.jpl.nasa.gov:443/artifactory/api/npm/npm-develop-virtual/typedoc/-/typedoc-0.23.28.tgz",
      "integrity": "sha512-9x1+hZWTHEQcGoP7qFmlo4unUoVJLB0H/8vfO/7wqTnZxg4kPuji9y3uRzEu0ZKez63OJAUmiGhUrtukC6Uj3w==",
      "dev": true,
      "dependencies": {
        "lunr": "^2.3.9",
        "marked": "^4.2.12",
        "minimatch": "^7.1.3",
        "shiki": "^0.14.1"
      },
      "bin": {
        "typedoc": "bin/typedoc"
      },
      "engines": {
        "node": ">= 14.14"
      },
      "peerDependencies": {
        "typescript": "4.6.x || 4.7.x || 4.8.x || 4.9.x || 5.0.x"
      }
    },
    "node_modules/typescript": {
      "version": "4.9.5",
      "resolved": "https://artifactory.jpl.nasa.gov:443/artifactory/api/npm/npm-develop-virtual/typescript/-/typescript-4.9.5.tgz",
      "integrity": "sha512-1FXk9E2Hm+QzZQ7z+McJiHL4NW1F2EzMu9Nq9i3zAaGqibafqYwCVU6WyWAuyQRRzOlxou8xZSyXLEN8oKj24g==",
      "bin": {
        "tsc": "bin/tsc",
        "tsserver": "bin/tsserver"
      },
      "engines": {
        "node": ">=4.2.0"
      }
    },
    "node_modules/vscode-oniguruma": {
      "version": "1.7.0",
      "resolved": "https://artifactory.jpl.nasa.gov:443/artifactory/api/npm/npm-develop-virtual/vscode-oniguruma/-/vscode-oniguruma-1.7.0.tgz",
      "integrity": "sha512-L9WMGRfrjOhgHSdOYgCt/yRMsXzLDJSL7BPrOZt73gU0iWO4mpqzqQzOz5srxqTvMBaR0XZTSrVWo4j55Rc6cA==",
      "dev": true
    },
    "node_modules/vscode-textmate": {
      "version": "8.0.0",
      "resolved": "https://artifactory.jpl.nasa.gov:443/artifactory/api/npm/npm-develop-virtual/vscode-textmate/-/vscode-textmate-8.0.0.tgz",
      "integrity": "sha512-AFbieoL7a5LMqcnOF04ji+rpXadgOXnZsxQr//r83kLPr7biP7am3g9zbaZIaBGwBRWeSvoMD4mgPdX3e4NWBg==",
      "dev": true
    }
  }
}
